
Microsoft Visual Studio Solution File, Format Version 12.00
# Visual Studio Version 17
VisualStudioVersion = 17.4.33110.190
MinimumVisualStudioVersion = 10.0.40219.1
Project("{FAE04EC0-301F-11D3-BF4B-00C04F79EFBC}") = "Priprema_kontrola4", "Priprema_kontrola4\Priprema_kontrola4.csproj", "{0294A6B1-303F-4122-81D1-65AB28C885BC}"
EndProject
Global
	GlobalSection(SolutionConfigurationPlatforms) = preSolution
		Debug|Any CPU = Debug|Any CPU
		Release|Any CPU = Release|Any CPU
	EndGlobalSection
	GlobalSection(ProjectConfigurationPlatforms) = postSolution
		{0294A6B1-303F-4122-81D1-65AB28C885BC}.Debug|Any CPU.ActiveCfg = Debug|Any CPU
		{0294A6B1-303F-4122-81D1-65AB28C885BC}.Debug|Any CPU.Build.0 = Debug|Any CPU
		{0294A6B1-303F-4122-81D1-65AB28C885BC}.Release|Any CPU.ActiveCfg = Release|Any CPU
		{0294A6B1-303F-4122-81D1-65AB28C885BC}.Release|Any CPU.Build.0 = Release|Any CPU
	EndGlobalSection
	GlobalSection(SolutionProperties) = preSolution
		HideSolutionNode = FALSE
	EndGlobalSection
	GlobalSection(ExtensibilityGlobals) = postSolution
		SolutionGuid = {9E1D5FE5-70D6-4511-8374-26CBBD12F933}
	EndGlobalSection
EndGlobal
