
Microsoft Visual Studio Solution File, Format Version 12.00
# Visual Studio Version 16
VisualStudioVersion = 16.0.32413.511
MinimumVisualStudioVersion = 10.0.40219.1
Project("{FAE04EC0-301F-11D3-BF4B-00C04F79EFBC}") = "Priprema_kontrola1", "Priprema_kontrola1\Priprema_kontrola1.csproj", "{79736F71-EAD9-4170-A224-EF5744AD36F5}"
EndProject
Global
	GlobalSection(SolutionConfigurationPlatforms) = preSolution
		Debug|Any CPU = Debug|Any CPU
		Release|Any CPU = Release|Any CPU
	EndGlobalSection
	GlobalSection(ProjectConfigurationPlatforms) = postSolution
		{79736F71-EAD9-4170-A224-EF5744AD36F5}.Debug|Any CPU.ActiveCfg = Debug|Any CPU
		{79736F71-EAD9-4170-A224-EF5744AD36F5}.Debug|Any CPU.Build.0 = Debug|Any CPU
		{79736F71-EAD9-4170-A224-EF5744AD36F5}.Release|Any CPU.ActiveCfg = Release|Any CPU
		{79736F71-EAD9-4170-A224-EF5744AD36F5}.Release|Any CPU.Build.0 = Release|Any CPU
	EndGlobalSection
	GlobalSection(SolutionProperties) = preSolution
		HideSolutionNode = FALSE
	EndGlobalSection
	GlobalSection(ExtensibilityGlobals) = postSolution
		SolutionGuid = {117B18F2-B078-484C-AE64-C7411D56457C}
	EndGlobalSection
EndGlobal
